PODS:
  - IQKeyboardManagerSwift (6.2.0)
  - "NSObject+Rx (4.4.1)":
    - RxSwift (~> 4.3)
  - RxAtomic (4.4.0)
  - RxCocoa (4.4.0):
    - RxSwift (~> 4.0)
  - RxGesture (2.1.0):
    - RxCocoa (~> 4.4.0)
    - RxSwift (~> 4.4.0)
  - RxSwift (4.4.0):
    - RxAtomic (~> 4.4)
  - RxSwiftExt (3.4.0):
    - RxSwiftExt/Core (= 3.4.0)
    - RxSwiftExt/RxCocoa (= 3.4.0)
  - RxSwiftExt/Core (3.4.0):
    - RxSwift (~> 4.0)
  - RxSwiftExt/RxCocoa (3.4.0):
    - RxCocoa (~> 4.0)
    - RxSwiftExt/Core
  - SnapKit (4.2.0)
  - SwiftLint (0.30.1)

DEPENDENCIES:
  - IQKeyboardManagerSwift
  - "NSObject+Rx"
  - RxCocoa
  - RxGesture
  - RxSwift
  - RxSwiftExt
  - SnapKit
  - SwiftLint

SPEC REPOS:
  https://github.com/cocoapods/specs.git:
    - IQKeyboardManagerSwift
    - "NSObject+Rx"
    - RxAtomic
    - RxCocoa
    - RxGesture
    - RxSwift
    - RxSwiftExt
    - SnapKit
    - SwiftLint

SPEC CHECKSUMS:
  IQKeyboardManagerSwift: b07ccf9d8cafe993dcd6cb794eb4ba34611a0c4e
  "NSObject+Rx": 9884a92f19b610795c431e10b4e601913b59c9e9
  RxAtomic: eacf60db868c96bfd63320e28619fe29c179656f
  RxCocoa: df63ebf7b9a70d6b4eeea407ed5dd4efc8979749
  RxGesture: 7f6dfb45dbde06e618c24442d38493e3144f2c95
  RxSwift: 5976ecd04fc2fefd648827c23de5e11157faa973
  RxSwiftExt: 01f8ecbeeb355698e9c75365ebe908b00dacf45d
  SnapKit: fe8a619752f3f27075cc9a90244d75c6c3f27e2a
  SwiftLint: a54bf1fe12b55c68560eb2a7689dfc81458508f7

PODFILE CHECKSUM: 08aea62b23e5c02f94354744351da627b096728f

COCOAPODS: 1.5.3
