// !$*UTF8*$!
{
	archiveVersion = 1;
	classes = {
	};
	objectVersion = 50;
	objects = {

/* Begin PBXBuildFile section */
		0020D7FD06C6BD5A405435DABEA508D2 /* APIManager+login.swift in Sources */ = {isa = PBXBuildFile; fileRef = DDE07791B780F8BF2EBC8B83A41C1FE0 /* APIManager+login.swift */; };
		0AA0170A3275CD1CE33A375A /* Pods_TAT.framework in Frameworks */ = {isa = PBXBuildFile; fileRef = 9F75C048A04343CD8B894DC4 /* Pods_TAT.framework */; };
		0C868F3F0C9B2DB4D92A3C947625D38B /* Pagination.swift in Sources */ = {isa = PBXBuildFile; fileRef = F8231374CF39D4E84812A5E12C58EB2D /* Pagination.swift */; };
		0FF3562067ACCE1616FCCDBD482CEB62 /* AppDelegate.swift in Sources */ = {isa = PBXBuildFile; fileRef = 24E43C7BB9A4762491FCCA8FA7C58984 /* AppDelegate.swift */; };
		115698319BE33AC84C5604E5628EEEF5 /* LaunchScreen.storyboard in Resources */ = {isa = PBXBuildFile; fileRef = EBA665F68C2FA194469B862EB325FC1F /* LaunchScreen.storyboard */; };
		1A994D3A259753FDBC680241F6881CE2 /* Assets.xcassets in Resources */ = {isa = PBXBuildFile; fileRef = 49F05D5468B4CAAB6E14FC849B7CDE6C /* Assets.xcassets */; };
		30F3BE382FD3A3F78F8D0B87C3A4F58C /* ActivityViewController.swift in Sources */ = {isa = PBXBuildFile; fileRef = 9C70906A8E5978AB47C5C6E889130C18 /* ActivityViewController.swift */; };
		3C380D612082F425D326329F4CE1EF85 /* BaseViewController.swift in Sources */ = {isa = PBXBuildFile; fileRef = 6BDB36C09EF59901AFD0A792E6B1A3CD /* BaseViewController.swift */; };
		5AD88583FD8D57CDBDE4F9CD7CFA0455 /* CreditViewController.swift in Sources */ = {isa = PBXBuildFile; fileRef = 4F041CD2E55CC5177F18C9F7354E6FE8 /* CreditViewController.swift */; };
		5FDB146B360EC86985F1BB182F5FA798 /* CurriculumViewController.swift in Sources */ = {isa = PBXBuildFile; fileRef = B8B1A146FBC2C464F78A8DACD7DB8721 /* CurriculumViewController.swift */; };
		6ACE1A18EDA1744D56381E1AE9055631 /* FetchedItems.swift in Sources */ = {isa = PBXBuildFile; fileRef = 82E1948D3089281D6CCD5B7B83C4715E /* FetchedItems.swift */; };
		6BDDBCC3AF6CAF37C715F6D2FD3C856B /* Observable+Parsing.swift in Sources */ = {isa = PBXBuildFile; fileRef = 363818CA9AD8E619D4D697CD1015B024 /* Observable+Parsing.swift */; };
		6E8E3A8579D9C9965F859E956FD7F712 /* FetchedItemsBaseViewModel.swift in Sources */ = {isa = PBXBuildFile; fileRef = C94829C5EDE2FF6FAB26FFEAADD8754A /* FetchedItemsBaseViewModel.swift */; };
		7B737E8E69546DC80B8A3790792A0984 /* SettingViewController.swift in Sources */ = {isa = PBXBuildFile; fileRef = EADAA4B057A611111ADF772370A22ED2 /* SettingViewController.swift */; };
		911FAEAF6797B52335F76BD7542B00F2 /* BaseViewModel.swift in Sources */ = {isa = PBXBuildFile; fileRef = 5B611AA80466D1350297F2EB66AD13AA /* BaseViewModel.swift */; };
		97E2C6F615B0A58B8E7BDA9BA795EB70 /* APITargetType.swift in Sources */ = {isa = PBXBuildFile; fileRef = 29549F81D7EC0B5277DED4F8BDDB4956 /* APITargetType.swift */; };
		AB1C2D0756C2FED1086B0A7BD0DF7058 /* CalenderViewController.swift in Sources */ = {isa = PBXBuildFile; fileRef = 22549C6F768919D65F20B05E06798796 /* CalenderViewController.swift */; };
		B560720AD977461B417CA3A7EE19197C /* Token.swift in Sources */ = {isa = PBXBuildFile; fileRef = 0DC1E893B66CA295B382A1AB722BB981 /* Token.swift */; };
		B853E8874A49933733E8F548EFDB3187 /* APIManager.swift in Sources */ = {isa = PBXBuildFile; fileRef = 93A4FA7B64FE0647955580CDE6301221 /* APIManager.swift */; };
		C9AE1BA0180C832BC59BB00A02CD403A /* PaginationViewModel.swift in Sources */ = {isa = PBXBuildFile; fileRef = 09C3EB922CB717096DF3AC8A10E57AB0 /* PaginationViewModel.swift */; };
		E6C4F187087C13F190EC42158637E7B8 /* RxPagination.swift in Sources */ = {isa = PBXBuildFile; fileRef = B8306E113A0F7167457E4C3100181BD1 /* RxPagination.swift */; };
/* End PBXBuildFile section */

/* Begin PBXFileReference section */
		09C3EB922CB717096DF3AC8A10E57AB0 /* PaginationViewModel.swift */ = {isa = PBXFileReference; lastKnownFileType = sourcecode.swift; path = PaginationViewModel.swift; sourceTree = "<group>"; };
		0DC1E893B66CA295B382A1AB722BB981 /* Token.swift */ = {isa = PBXFileReference; lastKnownFileType = sourcecode.swift; path = Token.swift; sourceTree = "<group>"; };
		1177A1785AD9C17CA80F3C6FD98C3ED1 /* Base */ = {isa = PBXFileReference; lastKnownFileType = file.storyboard; name = Base; path = Base.lproj/LaunchScreen.storyboard; sourceTree = "<group>"; };
		22549C6F768919D65F20B05E06798796 /* CalenderViewController.swift */ = {isa = PBXFileReference; lastKnownFileType = sourcecode.swift; path = CalenderViewController.swift; sourceTree = "<group>"; };
		24E43C7BB9A4762491FCCA8FA7C58984 /* AppDelegate.swift */ = {isa = PBXFileReference; lastKnownFileType = sourcecode.swift; path = AppDelegate.swift; sourceTree = "<group>"; };
		29549F81D7EC0B5277DED4F8BDDB4956 /* APITargetType.swift */ = {isa = PBXFileReference; lastKnownFileType = sourcecode.swift; path = APITargetType.swift; sourceTree = "<group>"; };
		363818CA9AD8E619D4D697CD1015B024 /* Observable+Parsing.swift */ = {isa = PBXFileReference; lastKnownFileType = sourcecode.swift; path = "Observable+Parsing.swift"; sourceTree = "<group>"; };
		364938B3F3B9D5AA4335848A /* Pods-TAT.debug.xcconfig */ = {isa = PBXFileReference; includeInIndex = 1; lastKnownFileType = text.xcconfig; name = "Pods-TAT.debug.xcconfig"; path = "Pods/Target Support Files/Pods-TAT/Pods-TAT.debug.xcconfig"; sourceTree = "<group>"; };
		3D37D9E2137138D6CEBF19C8 /* Pods-TAT.release.xcconfig */ = {isa = PBXFileReference; includeInIndex = 1; lastKnownFileType = text.xcconfig; name = "Pods-TAT.release.xcconfig"; path = "Pods/Target Support Files/Pods-TAT/Pods-TAT.release.xcconfig"; sourceTree = "<group>"; };
		49F05D5468B4CAAB6E14FC849B7CDE6C /* Assets.xcassets */ = {isa = PBXFileReference; lastKnownFileType = folder.assetcatalog; path = Assets.xcassets; sourceTree = "<group>"; };
		4F041CD2E55CC5177F18C9F7354E6FE8 /* CreditViewController.swift */ = {isa = PBXFileReference; lastKnownFileType = sourcecode.swift; path = CreditViewController.swift; sourceTree = "<group>"; };
		5B611AA80466D1350297F2EB66AD13AA /* BaseViewModel.swift */ = {isa = PBXFileReference; lastKnownFileType = sourcecode.swift; path = BaseViewModel.swift; sourceTree = "<group>"; };
		6BDB36C09EF59901AFD0A792E6B1A3CD /* BaseViewController.swift */ = {isa = PBXFileReference; lastKnownFileType = sourcecode.swift; path = BaseViewController.swift; sourceTree = "<group>"; };
		82E1948D3089281D6CCD5B7B83C4715E /* FetchedItems.swift */ = {isa = PBXFileReference; lastKnownFileType = sourcecode.swift; path = FetchedItems.swift; sourceTree = "<group>"; };
		8C0770052F68087721C342FCCAA01A0F /* Info.plist */ = {isa = PBXFileReference; lastKnownFileType = text.plist.xml; path = Info.plist; sourceTree = "<group>"; };
		93A4FA7B64FE0647955580CDE6301221 /* APIManager.swift */ = {isa = PBXFileReference; lastKnownFileType = sourcecode.swift; path = APIManager.swift; sourceTree = "<group>"; };
		9C70906A8E5978AB47C5C6E889130C18 /* ActivityViewController.swift */ = {isa = PBXFileReference; lastKnownFileType = sourcecode.swift; path = ActivityViewController.swift; sourceTree = "<group>"; };
		9F75C048A04343CD8B894DC4 /* Pods_TAT.framework */ = {isa = PBXFileReference; explicitFileType = wrapper.framework; includeInIndex = 0; path = Pods_TAT.framework; sourceTree = BUILT_PRODUCTS_DIR; };
		AAB33CA66F486151E5337CC3266F0DC1 /* TAT.app */ = {isa = PBXFileReference; includeInIndex = 0; lastKnownFileType = wrapper.application; path = TAT.app; sourceTree = BUILT_PRODUCTS_DIR; };
		B8306E113A0F7167457E4C3100181BD1 /* RxPagination.swift */ = {isa = PBXFileReference; lastKnownFileType = sourcecode.swift; path = RxPagination.swift; sourceTree = "<group>"; };
		B8B1A146FBC2C464F78A8DACD7DB8721 /* CurriculumViewController.swift */ = {isa = PBXFileReference; lastKnownFileType = sourcecode.swift; path = CurriculumViewController.swift; sourceTree = "<group>"; };
		C94829C5EDE2FF6FAB26FFEAADD8754A /* FetchedItemsBaseViewModel.swift */ = {isa = PBXFileReference; lastKnownFileType = sourcecode.swift; path = FetchedItemsBaseViewModel.swift; sourceTree = "<group>"; };
		DDE07791B780F8BF2EBC8B83A41C1FE0 /* APIManager+login.swift */ = {isa = PBXFileReference; lastKnownFileType = sourcecode.swift; path = "APIManager+login.swift"; sourceTree = "<group>"; };
		EADAA4B057A611111ADF772370A22ED2 /* SettingViewController.swift */ = {isa = PBXFileReference; lastKnownFileType = sourcecode.swift; path = SettingViewController.swift; sourceTree = "<group>"; };
		F8231374CF39D4E84812A5E12C58EB2D /* Pagination.swift */ = {isa = PBXFileReference; lastKnownFileType = sourcecode.swift; path = Pagination.swift; sourceTree = "<group>"; };
/* End PBXFileReference section */

/* Begin PBXFrameworksBuildPhase section */
		5DEBCEBA382C1339383D4684 /* Frameworks */ = {
			isa = PBXFrameworksBuildPhase;
			buildActionMask = 2147483647;
			files = (
				0AA0170A3275CD1CE33A375A /* Pods_TAT.framework in Frameworks */,
			);
			runOnlyForDeploymentPostprocessing = 0;
		};
/* End PBXFrameworksBuildPhase section */

/* Begin PBXGroup section */
		00CD815439519613AEF0AD8817BB3469 /* Pagination */ = {
			isa = PBXGroup;
			children = (
				82E1948D3089281D6CCD5B7B83C4715E /* FetchedItems.swift */,
				F8231374CF39D4E84812A5E12C58EB2D /* Pagination.swift */,
				B8306E113A0F7167457E4C3100181BD1 /* RxPagination.swift */,
			);
			path = Pagination;
			sourceTree = "<group>";
		};
		0727D75D482BAA371D8F1E6FCAFA6C07 /* TAT */ = {
			isa = PBXGroup;
			children = (
				8C0770052F68087721C342FCCAA01A0F /* Info.plist */,
				1A3C2091AEFB97CD2FF87D1997B7AEBC /* Extensions */,
				859B23213931EE006A59D1DB5029B87D /* Models */,
				AB6FF3ABD87C8D98DB87BFFBD633F8B0 /* Networking */,
				79BDA7D55715410FB396802BA6837903 /* Protocol */,
				9165C3F126CB851BD54025385DC6986C /* Supporting Files */,
				A49EAF3138340C491F80CCB4C32D1799 /* ViewControllers */,
				45126D37E34E284C18A1410CB0958C53 /* ViewModels */,
			);
			path = TAT;
			sourceTree = "<group>";
		};
		0D5F8B6B7023B5F930FE6333 /* Pods */ = {
			isa = PBXGroup;
			children = (
				364938B3F3B9D5AA4335848A /* Pods-TAT.debug.xcconfig */,
				3D37D9E2137138D6CEBF19C8 /* Pods-TAT.release.xcconfig */,
			);
			name = Pods;
			sourceTree = "<group>";
		};
		183096DA25D4020553C6129F736614BB /* Pagination */ = {
			isa = PBXGroup;
			children = (
				C94829C5EDE2FF6FAB26FFEAADD8754A /* FetchedItemsBaseViewModel.swift */,
				09C3EB922CB717096DF3AC8A10E57AB0 /* PaginationViewModel.swift */,
			);
			path = Pagination;
			sourceTree = "<group>";
		};
		1A3C2091AEFB97CD2FF87D1997B7AEBC /* Extensions */ = {
			isa = PBXGroup;
			children = (
				363818CA9AD8E619D4D697CD1015B024 /* Observable+Parsing.swift */,
			);
			path = Extensions;
			sourceTree = "<group>";
		};
		1BD41D82B6EE58AC146D25D5667B2FB4 /* Credit */ = {
			isa = PBXGroup;
			children = (
				4F041CD2E55CC5177F18C9F7354E6FE8 /* CreditViewController.swift */,
			);
			path = Credit;
			sourceTree = "<group>";
		};
		1D0DA032638A46915CBBD199555377A8 /* Manager */ = {
			isa = PBXGroup;
			children = (
				93A4FA7B64FE0647955580CDE6301221 /* APIManager.swift */,
			);
			path = Manager;
			sourceTree = "<group>";
		};
		4156A4F1FEA8602BF30088F7858DD152 /* Base */ = {
			isa = PBXGroup;
			children = (
				6BDB36C09EF59901AFD0A792E6B1A3CD /* BaseViewController.swift */,
			);
			path = Base;
			sourceTree = "<group>";
		};
		45126D37E34E284C18A1410CB0958C53 /* ViewModels */ = {
			isa = PBXGroup;
			children = (
				183096DA25D4020553C6129F736614BB /* Pagination */,
			);
			path = ViewModels;
			sourceTree = "<group>";
		};
		5D3C454250ECC1A4E0869DCA3340EAF4 = {
			isa = PBXGroup;
			children = (
				0727D75D482BAA371D8F1E6FCAFA6C07 /* TAT */,
				82CE67976595C6FA0098ACCB1D921FEE /* Products */,
				0D5F8B6B7023B5F930FE6333 /* Pods */,
				65D34438045BEBE37EC23831 /* Frameworks */,
			);
			indentWidth = 2;
			sourceTree = "<group>";
			tabWidth = 2;
		};
		62ED2DEEE9BD3D4CBF1AD01DE6AB0D77 /* Setting */ = {
			isa = PBXGroup;
			children = (
				EADAA4B057A611111ADF772370A22ED2 /* SettingViewController.swift */,
			);
			path = Setting;
			sourceTree = "<group>";
		};
		65D34438045BEBE37EC23831 /* Frameworks */ = {
			isa = PBXGroup;
			children = (
				9F75C048A04343CD8B894DC4 /* Pods_TAT.framework */,
			);
			name = Frameworks;
			sourceTree = "<group>";
		};
		6C1BFC81E2685EAAD52A19175B8E39AB /* Base */ = {
			isa = PBXGroup;
			children = (
				5B611AA80466D1350297F2EB66AD13AA /* BaseViewModel.swift */,
			);
			path = Base;
			sourceTree = "<group>";
		};
		79BDA7D55715410FB396802BA6837903 /* Protocol */ = {
			isa = PBXGroup;
			children = (
				6C1BFC81E2685EAAD52A19175B8E39AB /* Base */,
				00CD815439519613AEF0AD8817BB3469 /* Pagination */,
			);
			path = Protocol;
			sourceTree = "<group>";
		};
		82CE67976595C6FA0098ACCB1D921FEE /* Products */ = {
			isa = PBXGroup;
			children = (
				AAB33CA66F486151E5337CC3266F0DC1 /* TAT.app */,
			);
			name = Products;
			sourceTree = "<group>";
		};
		859B23213931EE006A59D1DB5029B87D /* Models */ = {
			isa = PBXGroup;
			children = (
				0DC1E893B66CA295B382A1AB722BB981 /* Token.swift */,
			);
			path = Models;
			sourceTree = "<group>";
		};
		9165C3F126CB851BD54025385DC6986C /* Supporting Files */ = {
			isa = PBXGroup;
			children = (
				24E43C7BB9A4762491FCCA8FA7C58984 /* AppDelegate.swift */,
				49F05D5468B4CAAB6E14FC849B7CDE6C /* Assets.xcassets */,
				EBA665F68C2FA194469B862EB325FC1F /* LaunchScreen.storyboard */,
			);
			path = "Supporting Files";
			sourceTree = "<group>";
		};
		9EE9D30AF4EED7D39274C14E49D7DF17 /* Calender */ = {
			isa = PBXGroup;
			children = (
				22549C6F768919D65F20B05E06798796 /* CalenderViewController.swift */,
			);
			path = Calender;
			sourceTree = "<group>";
		};
		9FCC3A39F8CE035C3D6E0AD7E846BC4F /* Curriculum */ = {
			isa = PBXGroup;
			children = (
				B8B1A146FBC2C464F78A8DACD7DB8721 /* CurriculumViewController.swift */,
			);
			path = Curriculum;
			sourceTree = "<group>";
		};
		A49EAF3138340C491F80CCB4C32D1799 /* ViewControllers */ = {
			isa = PBXGroup;
			children = (
				B893782EF7AA72AFF72FD7D25B5CEA04 /* Activity */,
				4156A4F1FEA8602BF30088F7858DD152 /* Base */,
				9EE9D30AF4EED7D39274C14E49D7DF17 /* Calender */,
				1BD41D82B6EE58AC146D25D5667B2FB4 /* Credit */,
				9FCC3A39F8CE035C3D6E0AD7E846BC4F /* Curriculum */,
				62ED2DEEE9BD3D4CBF1AD01DE6AB0D77 /* Setting */,
			);
			path = ViewControllers;
			sourceTree = "<group>";
		};
		AB6FF3ABD87C8D98DB87BFFBD633F8B0 /* Networking */ = {
			isa = PBXGroup;
			children = (
				EC2DD3C5776C4A0385E39C18F77091DE /* API */,
				1D0DA032638A46915CBBD199555377A8 /* Manager */,
				B47A436A26AE2B398461C450F4B2DF0D /* Protocol */,
			);
			path = Networking;
			sourceTree = "<group>";
		};
		B47A436A26AE2B398461C450F4B2DF0D /* Protocol */ = {
			isa = PBXGroup;
			children = (
				29549F81D7EC0B5277DED4F8BDDB4956 /* APITargetType.swift */,
			);
			path = Protocol;
			sourceTree = "<group>";
		};
		B893782EF7AA72AFF72FD7D25B5CEA04 /* Activity */ = {
			isa = PBXGroup;
			children = (
				9C70906A8E5978AB47C5C6E889130C18 /* ActivityViewController.swift */,
			);
			path = Activity;
			sourceTree = "<group>";
		};
		EC2DD3C5776C4A0385E39C18F77091DE /* API */ = {
			isa = PBXGroup;
			children = (
				DDE07791B780F8BF2EBC8B83A41C1FE0 /* APIManager+login.swift */,
			);
			path = API;
			sourceTree = "<group>";
		};
/* End PBXGroup section */

/* Begin PBXNativeTarget section */
		0BE933C1C734A5D7A0D3285F6A5E4EF5 /* TAT */ = {
			isa = PBXNativeTarget;
			buildConfigurationList = BE4F94B49A44F38F44AA0F6EEFDCA76C /* Build configuration list for PBXNativeTarget "TAT" */;
			buildPhases = (
				13CFD0FD600036DD3FFB8660 /* [CP] Check Pods Manifest.lock */,
				B7764AD4548C12822222BF87CF05471C /* Run SwiftLint */,
				6A150C727354C0A39DE78757DCF88AE6 /* Sources */,
				887DABFADCEC525F8BBD5D9212C7AEB2 /* Resources */,
				5DEBCEBA382C1339383D4684 /* Frameworks */,
				F70AD2B8C013FDB0AA2633E3 /* [CP] Embed Pods Frameworks */,
			);
			buildRules = (
			);
			dependencies = (
			);
			name = TAT;
			productName = TAT;
			productReference = AAB33CA66F486151E5337CC3266F0DC1 /* TAT.app */;
			productType = "com.apple.product-type.application";
		};
/* End PBXNativeTarget section */

/* Begin PBXProject section */
		900A45617CD190D7BABDCF877B978651 /* Project object */ = {
			isa = PBXProject;
			attributes = {
				LastUpgradeCheck = 1010;
			};
			buildConfigurationList = A18F63304EFADF58B08C7E74A12E6017 /* Build configuration list for PBXProject "TAT" */;
			compatibilityVersion = "Xcode 9.3";
			developmentRegion = en;
			hasScannedForEncodings = 0;
			knownRegions = (
				Base,
			);
			mainGroup = 5D3C454250ECC1A4E0869DCA3340EAF4;
			productRefGroup = 82CE67976595C6FA0098ACCB1D921FEE /* Products */;
			projectDirPath = "";
			projectRoot = "";
			targets = (
				0BE933C1C734A5D7A0D3285F6A5E4EF5 /* TAT */,
			);
		};
/* End PBXProject section */

/* Begin PBXResourcesBuildPhase section */
		887DABFADCEC525F8BBD5D9212C7AEB2 /* Resources */ = {
			isa = PBXResourcesBuildPhase;
			buildActionMask = 2147483647;
			files = (
				1A994D3A259753FDBC680241F6881CE2 /* Assets.xcassets in Resources */,
				115698319BE33AC84C5604E5628EEEF5 /* LaunchScreen.storyboard in Resources */,
			);
			runOnlyForDeploymentPostprocessing = 0;
		};
/* End PBXResourcesBuildPhase section */

/* Begin PBXShellScriptBuildPhase section */
		13CFD0FD600036DD3FFB8660 /* [CP] Check Pods Manifest.lock */ = {
			isa = PBXShellScriptBuildPhase;
			buildActionMask = 2147483647;
			files = (
			);
			inputFileListPaths = (
			);
			inputPaths = (
				"${PODS_PODFILE_DIR_PATH}/Podfile.lock",
				"${PODS_ROOT}/Manifest.lock",
			);
			name = "[CP] Check Pods Manifest.lock";
			outputFileListPaths = (
			);
			outputPaths = (
				"$(DERIVED_FILE_DIR)/Pods-TAT-checkManifestLockResult.txt",
			);
			runOnlyForDeploymentPostprocessing = 0;
			shellPath = /bin/sh;
			shellScript = "diff \"${PODS_PODFILE_DIR_PATH}/Podfile.lock\" \"${PODS_ROOT}/Manifest.lock\" > /dev/null\nif [ $? != 0 ] ; then\n    # print error to STDERR\n    echo \"error: The sandbox is not in sync with the Podfile.lock. Run 'pod install' or update your CocoaPods installation.\" >&2\n    exit 1\nfi\n# This output is used by Xcode 'outputs' to avoid re-running this script phase.\necho \"SUCCESS\" > \"${SCRIPT_OUTPUT_FILE_0}\"\n";
			showEnvVarsInLog = 0;
		};
		B7764AD4548C12822222BF87CF05471C /* Run SwiftLint */ = {
			isa = PBXShellScriptBuildPhase;
			buildActionMask = 2147483647;
			files = (
			);
			inputFileListPaths = (
			);
			inputPaths = (
			);
			name = "Run SwiftLint";
			outputFileListPaths = (
			);
			outputPaths = (
			);
			runOnlyForDeploymentPostprocessing = 0;
			shellPath = /bin/sh;
			shellScript = "${PODS_ROOT}/SwiftLint/swiftlint";
		};
		F70AD2B8C013FDB0AA2633E3 /* [CP] Embed Pods Frameworks */ = {
			isa = PBXShellScriptBuildPhase;
			buildActionMask = 2147483647;
			files = (
			);
			inputFileListPaths = (
			);
			inputPaths = (
				"${SRCROOT}/Pods/Target Support Files/Pods-TAT/Pods-TAT-frameworks.sh",
				"${BUILT_PRODUCTS_DIR}/Alamofire/Alamofire.framework",
				"${BUILT_PRODUCTS_DIR}/IQKeyboardManagerSwift/IQKeyboardManagerSwift.framework",
				"${BUILT_PRODUCTS_DIR}/Moya/Moya.framework",
				"${BUILT_PRODUCTS_DIR}/NSObject+Rx/NSObject_Rx.framework",
				"${BUILT_PRODUCTS_DIR}/Result/Result.framework",
				"${BUILT_PRODUCTS_DIR}/RxAtomic/RxAtomic.framework",
				"${BUILT_PRODUCTS_DIR}/RxCocoa/RxCocoa.framework",
				"${BUILT_PRODUCTS_DIR}/RxGesture/RxGesture.framework",
				"${BUILT_PRODUCTS_DIR}/RxSwift/RxSwift.framework",
				"${BUILT_PRODUCTS_DIR}/RxSwiftExt/RxSwiftExt.framework",
				"${BUILT_PRODUCTS_DIR}/SnapKit/SnapKit.framework",
				"${BUILT_PRODUCTS_DIR}/SwiftyJSON/SwiftyJSON.framework",
			);
			name = "[CP] Embed Pods Frameworks";
			outputFileListPaths = (
			);
			outputPaths = (
				"${TARGET_BUILD_DIR}/${FRAMEWORKS_FOLDER_PATH}/Alamofire.framework",
				"${TARGET_BUILD_DIR}/${FRAMEWORKS_FOLDER_PATH}/IQKeyboardManagerSwift.framework",
				"${TARGET_BUILD_DIR}/${FRAMEWORKS_FOLDER_PATH}/Moya.framework",
				"${TARGET_BUILD_DIR}/${FRAMEWORKS_FOLDER_PATH}/NSObject_Rx.framework",
				"${TARGET_BUILD_DIR}/${FRAMEWORKS_FOLDER_PATH}/Result.framework",
				"${TARGET_BUILD_DIR}/${FRAMEWORKS_FOLDER_PATH}/RxAtomic.framework",
				"${TARGET_BUILD_DIR}/${FRAMEWORKS_FOLDER_PATH}/RxCocoa.framework",
				"${TARGET_BUILD_DIR}/${FRAMEWORKS_FOLDER_PATH}/RxGesture.framework",
				"${TARGET_BUILD_DIR}/${FRAMEWORKS_FOLDER_PATH}/RxSwift.framework",
				"${TARGET_BUILD_DIR}/${FRAMEWORKS_FOLDER_PATH}/RxSwiftExt.framework",
				"${TARGET_BUILD_DIR}/${FRAMEWORKS_FOLDER_PATH}/SnapKit.framework",
				"${TARGET_BUILD_DIR}/${FRAMEWORKS_FOLDER_PATH}/SwiftyJSON.framework",
			);
			runOnlyForDeploymentPostprocessing = 0;
			shellPath = /bin/sh;
			shellScript = "\"${SRCROOT}/Pods/Target Support Files/Pods-TAT/Pods-TAT-frameworks.sh\"\n";
			showEnvVarsInLog = 0;
		};
/* End PBXShellScriptBuildPhase section */

/* Begin PBXSourcesBuildPhase section */
		6A150C727354C0A39DE78757DCF88AE6 /* Sources */ = {
			isa = PBXSourcesBuildPhase;
			buildActionMask = 2147483647;
			files = (
				0020D7FD06C6BD5A405435DABEA508D2 /* APIManager+login.swift in Sources */,
				B853E8874A49933733E8F548EFDB3187 /* APIManager.swift in Sources */,
				97E2C6F615B0A58B8E7BDA9BA795EB70 /* APITargetType.swift in Sources */,
				30F3BE382FD3A3F78F8D0B87C3A4F58C /* ActivityViewController.swift in Sources */,
				0FF3562067ACCE1616FCCDBD482CEB62 /* AppDelegate.swift in Sources */,
				3C380D612082F425D326329F4CE1EF85 /* BaseViewController.swift in Sources */,
				911FAEAF6797B52335F76BD7542B00F2 /* BaseViewModel.swift in Sources */,
				AB1C2D0756C2FED1086B0A7BD0DF7058 /* CalenderViewController.swift in Sources */,
				5AD88583FD8D57CDBDE4F9CD7CFA0455 /* CreditViewController.swift in Sources */,
				5FDB146B360EC86985F1BB182F5FA798 /* CurriculumViewController.swift in Sources */,
				6ACE1A18EDA1744D56381E1AE9055631 /* FetchedItems.swift in Sources */,
				6E8E3A8579D9C9965F859E956FD7F712 /* FetchedItemsBaseViewModel.swift in Sources */,
				6BDDBCC3AF6CAF37C715F6D2FD3C856B /* Observable+Parsing.swift in Sources */,
				0C868F3F0C9B2DB4D92A3C947625D38B /* Pagination.swift in Sources */,
				C9AE1BA0180C832BC59BB00A02CD403A /* PaginationViewModel.swift in Sources */,
				E6C4F187087C13F190EC42158637E7B8 /* RxPagination.swift in Sources */,
				7B737E8E69546DC80B8A3790792A0984 /* SettingViewController.swift in Sources */,
				B560720AD977461B417CA3A7EE19197C /* Token.swift in Sources */,
			);
			runOnlyForDeploymentPostprocessing = 0;
		};
/* End PBXSourcesBuildPhase section */

/* Begin PBXVariantGroup section */
		EBA665F68C2FA194469B862EB325FC1F /* LaunchScreen.storyboard */ = {
			isa = PBXVariantGroup;
			children = (
				1177A1785AD9C17CA80F3C6FD98C3ED1 /* Base */,
			);
			name = LaunchScreen.storyboard;
			sourceTree = "<group>";
		};
/* End PBXVariantGroup section */

/* Begin XCBuildConfiguration section */
		2E36E611FF2BF4ED5D978F0DC049916F /* Debug */ = {
			isa = XCBuildConfiguration;
			baseConfigurationReference = 364938B3F3B9D5AA4335848A /* Pods-TAT.debug.xcconfig */;
			buildSettings = {
				ALWAYS_EMBED_SWIFT_STANDARD_LIBRARIES = YES;
				ASSETCATALOG_COMPILER_APPICON_NAME = AppIcon;
				CODE_SIGN_IDENTITY = "iPhone Developer";
				INFOPLIST_FILE = TAT/Info.plist;
				IPHONEOS_DEPLOYMENT_TARGET = 11.0;
				LD_RUNPATH_SEARCH_PATHS = (
					"$(inherited)",
					"@executable_path/Frameworks",
				);
				PRODUCT_BUNDLE_IDENTIFIER = jamfly.TAT;
				SDKROOT = iphoneos;
				TARGETED_DEVICE_FAMILY = "1,2";
			};
			name = Debug;
		};
		693401BE78DBE6EE2EB31DD9CB4118FD /* Release */ = {
			isa = XCBuildConfiguration;
			buildSettings = {
				ALWAYS_SEARCH_USER_PATHS = NO;
				CLANG_ANALYZER_NONNULL = YES;
				CLANG_ANALYZER_NUMBER_OBJECT_CONVERSION = YES_AGGRESSIVE;
				CLANG_CXX_LANGUAGE_STANDARD = "gnu++14";
				CLANG_CXX_LIBRARY = "libc++";
				CLANG_ENABLE_MODULES = YES;
				CLANG_ENABLE_OBJC_ARC = YES;
				CLANG_WARN_BLOCK_CAPTURE_AUTORELEASING = YES;
				CLANG_WARN_BOOL_CONVERSION = YES;
				CLANG_WARN_COMMA = YES;
				CLANG_WARN_CONSTANT_CONVERSION = YES;
				CLANG_WARN_DEPRECATED_OBJC_IMPLEMENTATIONS = YES;
				CLANG_WARN_DIRECT_OBJC_ISA_USAGE = YES_ERROR;
				CLANG_WARN_DOCUMENTATION_COMMENTS = YES;
				CLANG_WARN_EMPTY_BODY = YES;
				CLANG_WARN_ENUM_CONVERSION = YES;
				CLANG_WARN_INFINITE_RECURSION = YES;
				CLANG_WARN_INT_CONVERSION = YES;
				CLANG_WARN_NON_LITERAL_NULL_CONVERSION = YES;
				CLANG_WARN_OBJC_IMPLICIT_RETAIN_SELF = YES;
				CLANG_WARN_OBJC_LITERAL_CONVERSION = YES;
				CLANG_WARN_OBJC_ROOT_CLASS = YES_ERROR;
				CLANG_WARN_RANGE_LOOP_ANALYSIS = YES;
				CLANG_WARN_STRICT_PROTOTYPES = YES;
				CLANG_WARN_SUSPICIOUS_MOVE = YES;
				CLANG_WARN_UNGUARDED_AVAILABILITY = YES_AGGRESSIVE;
				CLANG_WARN_UNREACHABLE_CODE = YES;
				CLANG_WARN__DUPLICATE_METHOD_MATCH = YES;
				COPY_PHASE_STRIP = NO;
				DEBUG_INFORMATION_FORMAT = "dwarf-with-dsym";
				ENABLE_NS_ASSERTIONS = NO;
				ENABLE_STRICT_OBJC_MSGSEND = YES;
				GCC_C_LANGUAGE_STANDARD = gnu11;
				GCC_NO_COMMON_BLOCKS = YES;
				GCC_WARN_64_TO_32_BIT_CONVERSION = YES;
				GCC_WARN_ABOUT_RETURN_TYPE = YES_ERROR;
				GCC_WARN_UNDECLARED_SELECTOR = YES;
				GCC_WARN_UNINITIALIZED_AUTOS = YES_AGGRESSIVE;
				GCC_WARN_UNUSED_FUNCTION = YES;
				GCC_WARN_UNUSED_VARIABLE = YES;
				PRODUCT_NAME = "$(TARGET_NAME)";
				SDKROOT = iphoneos;
				SWIFT_COMPILATION_MODE = wholemodule;
				SWIFT_OPTIMIZATION_LEVEL = "-Owholemodule";
				SWIFT_VERSION = 4.2;
				VALIDATE_PRODUCT = YES;
			};
			name = Release;
		};
		7975BF0AC6AF9832A2E5AF3F02E4BA47 /* Debug */ = {
			isa = XCBuildConfiguration;
			buildSettings = {
				ALWAYS_SEARCH_USER_PATHS = NO;
				CLANG_ANALYZER_NONNULL = YES;
				CLANG_ANALYZER_NUMBER_OBJECT_CONVERSION = YES_AGGRESSIVE;
				CLANG_CXX_LANGUAGE_STANDARD = "gnu++14";
				CLANG_CXX_LIBRARY = "libc++";
				CLANG_ENABLE_MODULES = YES;
				CLANG_ENABLE_OBJC_ARC = YES;
				CLANG_WARN_BLOCK_CAPTURE_AUTORELEASING = YES;
				CLANG_WARN_BOOL_CONVERSION = YES;
				CLANG_WARN_COMMA = YES;
				CLANG_WARN_CONSTANT_CONVERSION = YES;
				CLANG_WARN_DEPRECATED_OBJC_IMPLEMENTATIONS = YES;
				CLANG_WARN_DIRECT_OBJC_ISA_USAGE = YES_ERROR;
				CLANG_WARN_DOCUMENTATION_COMMENTS = YES;
				CLANG_WARN_EMPTY_BODY = YES;
				CLANG_WARN_ENUM_CONVERSION = YES;
				CLANG_WARN_INFINITE_RECURSION = YES;
				CLANG_WARN_INT_CONVERSION = YES;
				CLANG_WARN_NON_LITERAL_NULL_CONVERSION = YES;
				CLANG_WARN_OBJC_IMPLICIT_RETAIN_SELF = YES;
				CLANG_WARN_OBJC_LITERAL_CONVERSION = YES;
				CLANG_WARN_OBJC_ROOT_CLASS = YES_ERROR;
				CLANG_WARN_RANGE_LOOP_ANALYSIS = YES;
				CLANG_WARN_STRICT_PROTOTYPES = YES;
				CLANG_WARN_SUSPICIOUS_MOVE = YES;
				CLANG_WARN_UNGUARDED_AVAILABILITY = YES_AGGRESSIVE;
				CLANG_WARN_UNREACHABLE_CODE = YES;
				CLANG_WARN__DUPLICATE_METHOD_MATCH = YES;
				COPY_PHASE_STRIP = NO;
				DEBUG_INFORMATION_FORMAT = dwarf;
				ENABLE_STRICT_OBJC_MSGSEND = YES;
				ENABLE_TESTABILITY = YES;
				GCC_C_LANGUAGE_STANDARD = gnu11;
				GCC_DYNAMIC_NO_PIC = NO;
				GCC_NO_COMMON_BLOCKS = YES;
				GCC_OPTIMIZATION_LEVEL = 0;
				GCC_PREPROCESSOR_DEFINITIONS = (
					"$(inherited)",
					"DEBUG=1",
				);
				GCC_WARN_64_TO_32_BIT_CONVERSION = YES;
				GCC_WARN_ABOUT_RETURN_TYPE = YES_ERROR;
				GCC_WARN_UNDECLARED_SELECTOR = YES;
				GCC_WARN_UNINITIALIZED_AUTOS = YES_AGGRESSIVE;
				GCC_WARN_UNUSED_FUNCTION = YES;
				GCC_WARN_UNUSED_VARIABLE = YES;
				MTL_ENABLE_DEBUG_INFO = YES;
				ONLY_ACTIVE_ARCH = YES;
				PRODUCT_NAME = "$(TARGET_NAME)";
				SDKROOT = iphoneos;
				SWIFT_ACTIVE_COMPILATION_CONDITIONS = DEBUG;
				SWIFT_OPTIMIZATION_LEVEL = "-Onone";
				SWIFT_VERSION = 4.2;
			};
			name = Debug;
		};
		DF4595D482E7482617FE4032AB763FF3 /* Release */ = {
			isa = XCBuildConfiguration;
			baseConfigurationReference = 3D37D9E2137138D6CEBF19C8 /* Pods-TAT.release.xcconfig */;
			buildSettings = {
				ALWAYS_EMBED_SWIFT_STANDARD_LIBRARIES = YES;
				ASSETCATALOG_COMPILER_APPICON_NAME = AppIcon;
				CODE_SIGN_IDENTITY = "iPhone Developer";
				INFOPLIST_FILE = TAT/Info.plist;
				IPHONEOS_DEPLOYMENT_TARGET = 11.0;
				LD_RUNPATH_SEARCH_PATHS = (
					"$(inherited)",
					"@executable_path/Frameworks",
				);
				PRODUCT_BUNDLE_IDENTIFIER = jamfly.TAT;
				SDKROOT = iphoneos;
				TARGETED_DEVICE_FAMILY = "1,2";
			};
			name = Release;
		};
/* End XCBuildConfiguration section */

/* Begin XCConfigurationList section */
		A18F63304EFADF58B08C7E74A12E6017 /* Build configuration list for PBXProject "TAT" */ = {
			isa = XCConfigurationList;
			buildConfigurations = (
				7975BF0AC6AF9832A2E5AF3F02E4BA47 /* Debug */,
				693401BE78DBE6EE2EB31DD9CB4118FD /* Release */,
			);
			defaultConfigurationIsVisible = 0;
			defaultConfigurationName = Debug;
		};
		BE4F94B49A44F38F44AA0F6EEFDCA76C /* Build configuration list for PBXNativeTarget "TAT" */ = {
			isa = XCConfigurationList;
			buildConfigurations = (
				2E36E611FF2BF4ED5D978F0DC049916F /* Debug */,
				DF4595D482E7482617FE4032AB763FF3 /* Release */,
			);
			defaultConfigurationIsVisible = 0;
			defaultConfigurationName = "";
		};
/* End XCConfigurationList section */
	};
	rootObject = 900A45617CD190D7BABDCF877B978651 /* Project object */;
}
